
Microsoft Visual Studio Solution File, Format Version 12.00
# Visual Studio 15
VisualStudioVersion = 15.0.27703.2042
MinimumVisualStudioVersion = 10.0.40219.1
Project("{FAE04EC0-301F-11D3-BF4B-00C04F79EFBC}") = "ConsoleApp18", "ConsoleApp18\ConsoleApp18.csproj", "{C041D2E5-C021-4A18-8EF1-40F89AA9735F}"
EndProject
Global
	GlobalSection(SolutionConfigurationPlatforms) = preSolution
		Debug|Any CPU = Debug|Any CPU
		Release|Any CPU = Release|Any CPU
	EndGlobalSection
	GlobalSection(ProjectConfigurationPlatforms) = postSolution
		{C041D2E5-C021-4A18-8EF1-40F89AA9735F}.Debug|Any CPU.ActiveCfg = Debug|Any CPU
		{C041D2E5-C021-4A18-8EF1-40F89AA9735F}.Debug|Any CPU.Build.0 = Debug|Any CPU
		{C041D2E5-C021-4A18-8EF1-40F89AA9735F}.Release|Any CPU.ActiveCfg = Release|Any CPU
		{C041D2E5-C021-4A18-8EF1-40F89AA9735F}.Release|Any CPU.Build.0 = Release|Any CPU
	EndGlobalSection
	GlobalSection(SolutionProperties) = preSolution
		HideSolutionNode = FALSE
	EndGlobalSection
	GlobalSection(ExtensibilityGlobals) = postSolution
		SolutionGuid = {EBAA9A5A-49B3-431E-9BDA-183DD8C1FD8B}
	EndGlobalSection
EndGlobal
